// !$*UTF8*$!
{
	archiveVersion = 1;
	classes = {
	};
	objectVersion = 46;
	objects = {

/* Begin PBXBuildFile section */
		63194C3E1A9E715C006564BB /* ABSQLiteManagerTests.m in Sources */ = {isa = PBXBuildFile; fileRef = 63194C3D1A9E715C006564BB /* ABSQLiteManagerTests.m */; };
		63194C431A9E7175006564BB /* ABSQLiteManager.framework in Frameworks */ = {isa = PBXBuildFile; fileRef = 63194C421A9E7175006564BB /* ABSQLiteManager.framework */; };
		63194C481A9E71D3006564BB /* ABSQLReader.sqlite in Resources */ = {isa = PBXBuildFile; fileRef = 63194C461A9E71D3006564BB /* ABSQLReader.sqlite */; };
		63194C491A9E71D3006564BB /* John_Chapman.jpg in Resources */ = {isa = PBXBuildFile; fileRef = 63194C471A9E71D3006564BB /* John_Chapman.jpg */; };
/* End PBXBuildFile section */

/* Begin PBXFileReference section */
		63194C381A9E715C006564BB /* ABSQLiteManagerTests.xctest */ = {isa = PBXFileReference; explicitFileType = wrapper.cfbundle; includeInIndex = 0; path = ABSQLiteManagerTests.xctest; sourceTree = BUILT_PRODUCTS_DIR; };
		63194C3C1A9E715C006564BB /* Info.plist */ = {isa = PBXFileReference; lastKnownFileType = text.plist.xml; path = Info.plist; sourceTree = "<group>"; };
		63194C3D1A9E715C006564BB /* ABSQLiteManagerTests.m */ = {isa = PBXFileReference; lastKnownFileType = sourcecode.c.objc; path = ABSQLiteManagerTests.m; sourceTree = "<group>"; };
		63194C421A9E7175006564BB /* ABSQLiteManager.framework */ = {isa = PBXFileReference; lastKnownFileType = wrapper.framework; name = ABSQLiteManager.framework; path = "../build/Debug-iphoneos/ABSQLiteManager.framework"; sourceTree = "<group>"; };
		63194C461A9E71D3006564BB /* ABSQLReader.sqlite */ = {isa = PBXFileReference; lastKnownFileType = file; path = ABSQLReader.sqlite; sourceTree = "<group>"; };
		63194C471A9E71D3006564BB /* John_Chapman.jpg */ = {isa = PBXFileReference; lastKnownFileType = image.jpeg; path = John_Chapman.jpg; sourceTree = "<group>"; };
/* End PBXFileReference section */

/* Begin PBXFrameworksBuildPhase section */
		63194C351A9E715C006564BB /* Frameworks */ = {
			isa = PBXFrameworksBuildPhase;
			buildActionMask = 2147483647;
			files = (
				63194C431A9E7175006564BB /* ABSQLiteManager.framework in Frameworks */,
			);
			runOnlyForDeploymentPostprocessing = 0;
		};
/* End PBXFrameworksBuildPhase section */

/* Begin PBXGroup section */
		63194C2D1A9E7119006564BB = {
			isa = PBXGroup;
			children = (
				63194C3A1A9E715C006564BB /* ABSQLiteManagerTests */,
				63194C3B1A9E715C006564BB /* Supporting Files */,
				63194C451A9E71D2006564BB /* Resources */,
				63194C441A9E717D006564BB /* Frameworks */,
				63194C391A9E715C006564BB /* Products */,
			);
			sourceTree = "<group>";
		};
		63194C391A9E715C006564BB /* Products */ = {
			isa = PBXGroup;
			children = (
				63194C381A9E715C006564BB /* ABSQLiteManagerTests.xctest */,
			);
			name = Products;
			sourceTree = "<group>";
		};
		63194C3A1A9E715C006564BB /* ABSQLiteManagerTests */ = {
			isa = PBXGroup;
			children = (
				63194C3D1A9E715C006564BB /* ABSQLiteManagerTests.m */,
			);
			path = ABSQLiteManagerTests;
			sourceTree = "<group>";
		};
		63194C3B1A9E715C006564BB /* Supporting Files */ = {
			isa = PBXGroup;
			children = (
				63194C3C1A9E715C006564BB /* Info.plist */,
			);
			name = "Supporting Files";
			path = ABSQLiteManagerTests;
			sourceTree = "<group>";
		};
		63194C441A9E717D006564BB /* Frameworks */ = {
			isa = PBXGroup;
			children = (
				63194C421A9E7175006564BB /* ABSQLiteManager.framework */,
			);
			name = Frameworks;
			sourceTree = "<group>";
		};
		63194C451A9E71D2006564BB /* Resources */ = {
			isa = PBXGroup;
			children = (
				63194C461A9E71D3006564BB /* ABSQLReader.sqlite */,
				63194C471A9E71D3006564BB /* John_Chapman.jpg */,
			);
			path = Resources;
			sourceTree = "<group>";
		};
/* End PBXGroup section */

/* Begin PBXNativeTarget section */
		63194C371A9E715C006564BB /* ABSQLiteManagerTests */ = {
			isa = PBXNativeTarget;
			buildConfigurationList = 63194C411A9E715C006564BB /* Build configuration list for PBXNativeTarget "ABSQLiteManagerTests" */;
			buildPhases = (
				63194C341A9E715C006564BB /* Sources */,
				63194C351A9E715C006564BB /* Frameworks */,
				63194C361A9E715C006564BB /* Resources */,
			);
			buildRules = (
			);
			dependencies = (
			);
			name = ABSQLiteManagerTests;
			productName = ABSQLiteManagerTests;
			productReference = 63194C381A9E715C006564BB /* ABSQLiteManagerTests.xctest */;
			productType = "com.apple.product-type.bundle.unit-test";
		};
/* End PBXNativeTarget section */

/* Begin PBXProject section */
		63194C2E1A9E7119006564BB /* Project object */ = {
			isa = PBXProject;
			attributes = {
				LastUpgradeCheck = 0910;
				TargetAttributes = {
					63194C371A9E715C006564BB = {
						CreatedOnToolsVersion = 6.1.1;
					};
				};
			};
			buildConfigurationList = 63194C311A9E7119006564BB /* Build configuration list for PBXProject "ABSQLiteManagerTests" */;
			compatibilityVersion = "Xcode 3.2";
			developmentRegion = English;
			hasScannedForEncodings = 0;
			knownRegions = (
				en,
			);
			mainGroup = 63194C2D1A9E7119006564BB;
			productRefGroup = 63194C391A9E715C006564BB /* Products */;
			projectDirPath = "";
			projectRoot = "";
			targets = (
				63194C371A9E715C006564BB /* ABSQLiteManagerTests */,
			);
		};
/* End PBXProject section */

/* Begin PBXResourcesBuildPhase section */
		63194C361A9E715C006564BB /* Resources */ = {
			isa = PBXResourcesBuildPhase;
			buildActionMask = 2147483647;
			files = (
				63194C481A9E71D3006564BB /* ABSQLReader.sqlite in Resources */,
				63194C491A9E71D3006564BB /* John_Chapman.jpg in Resources */,
			);
			runOnlyForDeploymentPostprocessing = 0;
		};
/* End PBXResourcesBuildPhase section */

/* Begin PBXSourcesBuildPhase section */
		63194C341A9E715C006564BB /* Sources */ = {
			isa = PBXSourcesBuildPhase;
			buildActionMask = 2147483647;
			files = (
				63194C3E1A9E715C006564BB /* ABSQLiteManagerTests.m in Sources */,
			);
			runOnlyForDeploymentPostprocessing = 0;
		};
/* End PBXSourcesBuildPhase section */

/* Begin XCBuildConfiguration section */
		63194C321A9E7119006564BB /* Debug */ = {
			isa = XCBuildConfiguration;
			buildSettings = {
				CLANG_WARN_BLOCK_CAPTURE_AUTORELEASING = YES;
				CLANG_WARN_BOOL_CONVERSION = YES;
				CLANG_WARN_COMMA = YES;
				CLANG_WARN_CONSTANT_CONVERSION = YES;
				CLANG_WARN_EMPTY_BODY = YES;
				CLANG_WARN_ENUM_CONVERSION = YES;
				CLANG_WARN_INFINITE_RECURSION = YES;
				CLANG_WARN_INT_CONVERSION = YES;
				CLANG_WARN_NON_LITERAL_NULL_CONVERSION = YES;
				CLANG_WARN_OBJC_LITERAL_CONVERSION = YES;
				CLANG_WARN_RANGE_LOOP_ANALYSIS = YES;
				CLANG_WARN_STRICT_PROTOTYPES = YES;
				CLANG_WARN_SUSPICIOUS_MOVE = YES;
				CLANG_WARN_UNREACHABLE_CODE = YES;
				CLANG_WARN__DUPLICATE_METHOD_MATCH = YES;
				ENABLE_STRICT_OBJC_MSGSEND = YES;
				ENABLE_TESTABILITY = YES;
				GCC_NO_COMMON_BLOCKS = YES;
				GCC_WARN_64_TO_32_BIT_CONVERSION = YES;
				GCC_WARN_ABOUT_RETURN_TYPE = YES;
				GCC_WARN_UNDECLARED_SELECTOR = YES;
				GCC_WARN_UNINITIALIZED_AUTOS = YES;
				GCC_WARN_UNUSED_FUNCTION = YES;
				GCC_WARN_UNUSED_VARIABLE = YES;
				ONLY_ACTIVE_ARCH = YES;
			};
			name = Debug;
		};
		63194C331A9E7119006564BB /* Release */ = {
			isa = XCBuildConfiguration;
			buildSettings = {
				CLANG_WARN_BLOCK_CAPTURE_AUTORELEASING = YES;
				CLANG_WARN_BOOL_CONVERSION = YES;
				CLANG_WARN_COMMA = YES;
				CLANG_WARN_CONSTANT_CONVERSION = YES;
				CLANG_WARN_EMPTY_BODY = YES;
				CLANG_WARN_ENUM_CONVERSION = YES;
				CLANG_WARN_INFINITE_RECURSION = YES;
				CLANG_WARN_INT_CONVERSION = YES;
				CLANG_WARN_NON_LITERAL_NULL_CONVERSION = YES;
				CLANG_WARN_OBJC_LITERAL_CONVERSION = YES;
				CLANG_WARN_RANGE_LOOP_ANALYSIS = YES;
				CLANG_WARN_STRICT_PROTOTYPES = YES;
				CLANG_WARN_SUSPICIOUS_MOVE = YES;
				CLANG_WARN_UNREACHABLE_CODE = YES;
				CLANG_WARN__DUPLICATE_METHOD_MATCH = YES;
				ENABLE_STRICT_OBJC_MSGSEND = YES;
				GCC_NO_COMMON_BLOCKS = YES;
				GCC_WARN_64_TO_32_BIT_CONVERSION = YES;
				GCC_WARN_ABOUT_RETURN_TYPE = YES;
				GCC_WARN_UNDECLARED_SELECTOR = YES;
				GCC_WARN_UNINITIALIZED_AUTOS = YES;
				GCC_WARN_UNUSED_FUNCTION = YES;
				GCC_WARN_UNUSED_VARIABLE = YES;
			};
			name = Release;
		};
		63194C3F1A9E715C006564BB /* Debug */ = {
			isa = XCBuildConfiguration;
			buildSettings = {
				ALWAYS_SEARCH_USER_PATHS = NO;
				CLANG_CXX_LANGUAGE_STANDARD = "gnu++0x";
				CLANG_CXX_LIBRARY = "libc++";
				CLANG_ENABLE_MODULES = YES;
				CLANG_ENABLE_OBJC_ARC = YES;
				CLANG_WARN_BOOL_CONVERSION = YES;
				CLANG_WARN_CONSTANT_CONVERSION = YES;
				CLANG_WARN_DIRECT_OBJC_ISA_USAGE = YES_ERROR;
				CLANG_WARN_EMPTY_BODY = YES;
				CLANG_WARN_ENUM_CONVERSION = YES;
				CLANG_WARN_INT_CONVERSION = YES;
				CLANG_WARN_OBJC_ROOT_CLASS = YES_ERROR;
				CLANG_WARN_UNREACHABLE_CODE = YES;
				CLANG_WARN__DUPLICATE_METHOD_MATCH = YES;
				COPY_PHASE_STRIP = NO;
				ENABLE_STRICT_OBJC_MSGSEND = YES;
				FRAMEWORK_SEARCH_PATHS = (
					"$(SDKROOT)/Developer/Library/Frameworks",
					"$(inherited)",
					"/Users/kristaps/Documents/Projects/SQLiteReader/ABSQLiteManager/build/Debug-iphoneos",
				);
				GCC_C_LANGUAGE_STANDARD = gnu99;
				GCC_DYNAMIC_NO_PIC = NO;
				GCC_OPTIMIZATION_LEVEL = 0;
				GCC_PREPROCESSOR_DEFINITIONS = (
					"DEBUG=1",
					"$(inherited)",
				);
				GCC_SYMBOLS_PRIVATE_EXTERN = NO;
				GCC_WARN_64_TO_32_BIT_CONVERSION = YES;
				GCC_WARN_ABOUT_RETURN_TYPE = YES_ERROR;
				GCC_WARN_UNDECLARED_SELECTOR = YES;
				GCC_WARN_UNINITIALIZED_AUTOS = YES_AGGRESSIVE;
				GCC_WARN_UNUSED_FUNCTION = YES;
				GCC_WARN_UNUSED_VARIABLE = YES;
				INFOPLIST_FILE = ABSQLiteManagerTests/Info.plist;
				IPHONEOS_DEPLOYMENT_TARGET = 8.1;
				LD_RUNPATH_SEARCH_PATHS = "$(inherited) @executable_path/Frameworks @loader_path/Frameworks";
				MTL_ENABLE_DEBUG_INFO = YES;
				ONLY_ACTIVE_ARCH = YES;
				PRODUCT_BUNDLE_IDENTIFIER = "com.alphablind.$(PRODUCT_NAME:rfc1034identifier)";
				PRODUCT_NAME = "$(TARGET_NAME)";
				SDKROOT = iphoneos;
			};
			name = Debug;
		};
		63194C401A9E715C006564BB /* Release */ = {
			isa = XCBuildConfiguration;
			buildSettings = {
				ALWAYS_SEARCH_USER_PATHS = NO;
				CLANG_CXX_LANGUAGE_STANDARD = "gnu++0x";
				CLANG_CXX_LIBRARY = "libc++";
				CLANG_ENABLE_MODULES = YES;
				CLANG_ENABLE_OBJC_ARC = YES;
				CLANG_WARN_BOOL_CONVERSION = YES;
				CLANG_WARN_CONSTANT_CONVERSION = YES;
				CLANG_WARN_DIRECT_OBJC_ISA_USAGE = YES_ERROR;
				CLANG_WARN_EMPTY_BODY = YES;
				CLANG_WARN_ENUM_CONVERSION = YES;
				CLANG_WARN_INT_CONVERSION = YES;
				CLANG_WARN_OBJC_ROOT_CLASS = YES_ERROR;
				CLANG_WARN_UNREACHABLE_CODE = YES;
				CLANG_WARN__DUPLICATE_METHOD_MATCH = YES;
				COPY_PHASE_STRIP = YES;
				ENABLE_NS_ASSERTIONS = NO;
				ENABLE_STRICT_OBJC_MSGSEND = YES;
				FRAMEWORK_SEARCH_PATHS = (
					"$(SDKROOT)/Developer/Library/Frameworks",
					"$(inherited)",
					"/Users/kristaps/Documents/Projects/SQLiteReader/ABSQLiteManager/build/Debug-iphoneos",
				);
				GCC_C_LANGUAGE_STANDARD = gnu99;
				GCC_WARN_64_TO_32_BIT_CONVERSION = YES;
				GCC_WARN_ABOUT_RETURN_TYPE = YES_ERROR;
				GCC_WARN_UNDECLARED_SELECTOR = YES;
				GCC_WARN_UNINITIALIZED_AUTOS = YES_AGGRESSIVE;
				GCC_WARN_UNUSED_FUNCTION = YES;
				GCC_WARN_UNUSED_VARIABLE = YES;
				INFOPLIST_FILE = ABSQLiteManagerTests/Info.plist;
				IPHONEOS_DEPLOYMENT_TARGET = 8.1;
				LD_RUNPATH_SEARCH_PATHS = "$(inherited) @executable_path/Frameworks @loader_path/Frameworks";
				MTL_ENABLE_DEBUG_INFO = NO;
				PRODUCT_BUNDLE_IDENTIFIER = "com.alphablind.$(PRODUCT_NAME:rfc1034identifier)";
				PRODUCT_NAME = "$(TARGET_NAME)";
				SDKROOT = iphoneos;
				VALIDATE_PRODUCT = YES;
			};
			name = Release;
		};
/* End XCBuildConfiguration section */

/* Begin XCConfigurationList section */
		63194C311A9E7119006564BB /* Build configuration list for PBXProject "ABSQLiteManagerTests" */ = {
			isa = XCConfigurationList;
			buildConfigurations = (
				63194C321A9E7119006564BB /* Debug */,
				63194C331A9E7119006564BB /* Release */,
			);
			defaultConfigurationIsVisible = 0;
			defaultConfigurationName = Release;
		};
		63194C411A9E715C006564BB /* Build configuration list for PBXNativeTarget "ABSQLiteManagerTests" */ = {
			isa = XCConfigurationList;
			buildConfigurations = (
				63194C3F1A9E715C006564BB /* Debug */,
				63194C401A9E715C006564BB /* Release */,
			);
			defaultConfigurationIsVisible = 0;
			defaultConfigurationName = Release;
		};
/* End XCConfigurationList section */
	};
	rootObject = 63194C2E1A9E7119006564BB /* Project object */;
}
